Microsoft Visual Studio Solution File, Format Version 12.00
# Visual Studio 15
VisualStudioVersion = 15.0.27130.2027
MinimumVisualStudioVersion = 10.0.40219.1
Project("{FAE04EC0-301F-11D3-BF4B-00C04F79EFBC}") = "LoLa.Experiments", "LoLa.Experiments\LoLa.Experiments.csproj", "{BE4F2623-7987-46BD-8996-9F271D1D1BA6}"
EndProject
Project("{FAE04EC0-301F-11D3-BF4B-00C04F79EFBC}") = "LoLa", "LoLa\LoLa.csproj", "{4E9B8C3B-E620-4F15-BD7E-2496C6B645F2}"
EndProject
Project("{2150E333-8FDC-42A3-9474-1A3956D46DE8}") = "Documentation", "Documentation", "{FDA9964C-9193-4DBE-990C-81A525F3DE52}"
	ProjectSection(SolutionItems) = preProject
		Documentation\Example.lola = Documentation\Example.lola
		Documentation\Grammar.ebnf = Documentation\Grammar.ebnf
		Documentation\Intermediate-Language.txt = Documentation\Intermediate-Language.txt
	EndProjectSection
EndProject
Project("{FAE04EC0-301F-11D3-BF4B-00C04F79EFBC}") = "CompilerKit", "..\psilang\CompilerKit\CompilerKit.csproj", "{8EC1C24B-1017-4AC1-BAD1-297EB992C2F5}"
EndProject
Project("{FAE04EC0-301F-11D3-BF4B-00C04F79EFBC}") = "LoLa.Demo", "LoLa.Demo\LoLa.Demo.csproj", "{ED165D1A-CD71-4296-AD57-8ADB21235718}"
EndProject
Global
	GlobalSection(SolutionConfigurationPlatforms) = preSolution
		Debug|Any CPU = Debug|Any CPU
		Debug|x86 = Debug|x86
		Release|Any CPU = Release|Any CPU
		Release|x86 = Release|x86
	EndGlobalSection
	GlobalSection(ProjectConfigurationPlatforms) = postSolution
		{BE4F2623-7987-46BD-8996-9F271D1D1BA6}.Debug|Any CPU.ActiveCfg = Debug|x86
		{BE4F2623-7987-46BD-8996-9F271D1D1BA6}.Debug|x86.ActiveCfg = Debug|x86
		{BE4F2623-7987-46BD-8996-9F271D1D1BA6}.Debug|x86.Build.0 = Debug|x86
		{BE4F2623-7987-46BD-8996-9F271D1D1BA6}.Release|Any CPU.ActiveCfg = Release|x86
		{BE4F2623-7987-46BD-8996-9F271D1D1BA6}.Release|x86.ActiveCfg = Release|x86
		{BE4F2623-7987-46BD-8996-9F271D1D1BA6}.Release|x86.Build.0 = Release|x86
		{4E9B8C3B-E620-4F15-BD7E-2496C6B645F2}.Debug|Any CPU.ActiveCfg = Debug|Any CPU
		{4E9B8C3B-E620-4F15-BD7E-2496C6B645F2}.Debug|Any CPU.Build.0 = Debug|Any CPU
		{4E9B8C3B-E620-4F15-BD7E-2496C6B645F2}.Debug|x86.ActiveCfg = Debug|Any CPU
		{4E9B8C3B-E620-4F15-BD7E-2496C6B645F2}.Debug|x86.Build.0 = Debug|Any CPU
		{4E9B8C3B-E620-4F15-BD7E-2496C6B645F2}.Release|Any CPU.ActiveCfg = Release|Any CPU
		{4E9B8C3B-E620-4F15-BD7E-2496C6B645F2}.Release|Any CPU.Build.0 = Release|Any CPU
		{4E9B8C3B-E620-4F15-BD7E-2496C6B645F2}.Release|x86.ActiveCfg = Release|Any CPU
		{4E9B8C3B-E620-4F15-BD7E-2496C6B645F2}.Release|x86.Build.0 = Release|Any CPU
		{8EC1C24B-1017-4AC1-BAD1-297EB992C2F5}.Debug|Any CPU.ActiveCfg = Debug|Any CPU
		{8EC1C24B-1017-4AC1-BAD1-297EB992C2F5}.Debug|Any CPU.Build.0 = Debug|Any CPU
		{8EC1C24B-1017-4AC1-BAD1-297EB992C2F5}.Debug|x86.ActiveCfg = Debug|Any CPU
		{8EC1C24B-1017-4AC1-BAD1-297EB992C2F5}.Debug|x86.Build.0 = Debug|Any CPU
		{8EC1C24B-1017-4AC1-BAD1-297EB992C2F5}.Release|Any CPU.ActiveCfg = Release|Any CPU
		{8EC1C24B-1017-4AC1-BAD1-297EB992C2F5}.Release|Any CPU.Build.0 = Release|Any CPU
		{8EC1C24B-1017-4AC1-BAD1-297EB992C2F5}.Release|x86.ActiveCfg = Release|Any CPU
		{8EC1C24B-1017-4AC1-BAD1-297EB992C2F5}.Release|x86.Build.0 = Release|Any CPU
		{ED165D1A-CD71-4296-AD57-8ADB21235718}.Debug|Any CPU.ActiveCfg = Debug|Any CPU
		{ED165D1A-CD71-4296-AD57-8ADB21235718}.Debug|Any CPU.Build.0 = Debug|Any CPU
		{ED165D1A-CD71-4296-AD57-8ADB21235718}.Debug|x86.ActiveCfg = Debug|Any CPU
		{ED165D1A-CD71-4296-AD57-8ADB21235718}.Debug|x86.Build.0 = Debug|Any CPU
		{ED165D1A-CD71-4296-AD57-8ADB21235718}.Release|Any CPU.ActiveCfg = Release|Any CPU
		{ED165D1A-CD71-4296-AD57-8ADB21235718}.Release|Any CPU.Build.0 = Release|Any CPU
		{ED165D1A-CD71-4296-AD57-8ADB21235718}.Release|x86.ActiveCfg = Release|Any CPU
		{ED165D1A-CD71-4296-AD57-8ADB21235718}.Release|x86.Build.0 = Release|Any CPU
	EndGlobalSection
	GlobalSection(SolutionProperties) = preSolution
		HideSolutionNode = FALSE
	EndGlobalSection
	GlobalSection(ExtensibilityGlobals) = postSolution
		SolutionGuid = {FCB09E45-1403-4531-83DE-360A25DE5E42}
	EndGlobalSection
EndGlobal
